
Microsoft Visual Studio Solution File, Format Version 12.00
# Visual Studio 2013
VisualStudioVersion = 12.0.20827.3
MinimumVisualStudioVersion = 10.0.40219.1
Project("{FAE04EC0-301F-11D3-BF4B-00C04F79EFBC}") = "DemoDomainObjects", "DemoDomainObjects\DemoDomainObjects.csproj", "{4983C85C-165F-4F7A-824F-13275C185B1B}"
EndProject
Project("{FAE04EC0-301F-11D3-BF4B-00C04F79EFBC}") = "AsyncMethodDemo", "AsyncMethodDemo\AsyncMethodDemo.csproj", "{22BF6F76-10CA-4DD1-BC24-6891B2CE85D2}"
EndProject
Global
	GlobalSection(SolutionConfigurationPlatforms) = preSolution
		Debug|Any CPU = Debug|Any CPU
		Release|Any CPU = Release|Any CPU
	EndGlobalSection
	GlobalSection(ProjectConfigurationPlatforms) = postSolution
		{4983C85C-165F-4F7A-824F-13275C185B1B}.Debug|Any CPU.ActiveCfg = Debug|Any CPU
		{4983C85C-165F-4F7A-824F-13275C185B1B}.Debug|Any CPU.Build.0 = Debug|Any CPU
		{4983C85C-165F-4F7A-824F-13275C185B1B}.Release|Any CPU.ActiveCfg = Release|Any CPU
		{4983C85C-165F-4F7A-824F-13275C185B1B}.Release|Any CPU.Build.0 = Release|Any CPU
		{22BF6F76-10CA-4DD1-BC24-6891B2CE85D2}.Debug|Any CPU.ActiveCfg = Debug|Any CPU
		{22BF6F76-10CA-4DD1-BC24-6891B2CE85D2}.Debug|Any CPU.Build.0 = Debug|Any CPU
		{22BF6F76-10CA-4DD1-BC24-6891B2CE85D2}.Release|Any CPU.ActiveCfg = Release|Any CPU
		{22BF6F76-10CA-4DD1-BC24-6891B2CE85D2}.Release|Any CPU.Build.0 = Release|Any CPU
	EndGlobalSection
	GlobalSection(SolutionProperties) = preSolution
		HideSolutionNode = FALSE
	EndGlobalSection
EndGlobal
